
Microsoft Visual Studio Solution File, Format Version 12.00
# Visual Studio Version 17
VisualStudioVersion = 17.1.32421.90
MinimumVisualStudioVersion = 10.0.40219.1
Project("{FAE04EC0-301F-11D3-BF4B-00C04F79EFBC}") = "WinFormsApp4", "WinFormsApp4\WinFormsApp4.csproj", "{CC2028E5-C2FE-442E-B38F-339B1820E8C3}"
EndProject
Global
	GlobalSection(SolutionConfigurationPlatforms) = preSolution
		Debug|Any CPU = Debug|Any CPU
		Release|Any CPU = Release|Any CPU
	EndGlobalSection
	GlobalSection(ProjectConfigurationPlatforms) = postSolution
		{CC2028E5-C2FE-442E-B38F-339B1820E8C3}.Debug|Any CPU.ActiveCfg = Debug|Any CPU
		{CC2028E5-C2FE-442E-B38F-339B1820E8C3}.Debug|Any CPU.Build.0 = Debug|Any CPU
		{CC2028E5-C2FE-442E-B38F-339B1820E8C3}.Release|Any CPU.ActiveCfg = Release|Any CPU
		{CC2028E5-C2FE-442E-B38F-339B1820E8C3}.Release|Any CPU.Build.0 = Release|Any CPU
	EndGlobalSection
	GlobalSection(SolutionProperties) = preSolution
		HideSolutionNode = FALSE
	EndGlobalSection
	GlobalSection(ExtensibilityGlobals) = postSolution
		SolutionGuid = {A1CB4775-505B-4783-86EF-3032AEBA3370}
	EndGlobalSection
EndGlobal
